
Microsoft Visual Studio Solution File, Format Version 12.00
# Visual Studio Version 16
VisualStudioVersion = 16.0.28729.10
MinimumVisualStudioVersion = 10.0.40219.1
Project("{2150E333-8FDC-42A3-9474-1A3956D46DE8}") = "2.Client", "2.Client", "{EAC8D962-477D-4D25-B21B-202C5D2E1B07}"
EndProject
Project("{2150E333-8FDC-42A3-9474-1A3956D46DE8}") = "3.Service", "3.Service", "{70AB9929-BAC2-4039-B4F9-A66F18B9024F}"
EndProject
Project("{2150E333-8FDC-42A3-9474-1A3956D46DE8}") = "1.DLL Ref", "1.DLL Ref", "{1BFC870F-B492-4034-9B87-AD64764ED808}"
	ProjectSection(SolutionItems) = preProject
		Aspose.Cells.dll = Aspose.Cells.dll
		ICSharpCode.SharpZipLib.dll = ICSharpCode.SharpZipLib.dll
	EndProjectSection
EndProject
Project("{FAE04EC0-301F-11D3-BF4B-00C04F79EFBC}") = "AppClient", "BeanSoft\AppClient.csproj", "{FABDB8FF-CA6C-43CF-B0C9-392B33F4ED29}"
EndProject
Project("{FAE04EC0-301F-11D3-BF4B-00C04F79EFBC}") = "Core.Service", "BeanSoft.Service\Core.Service.csproj", "{C6D0E5A9-CC89-4305-A686-7F67E4FC0CBC}"
EndProject
Project("{FAE04EC0-301F-11D3-BF4B-00C04F79EFBC}") = "Core.Entities", "BeanSoft.Entities\Core.Entities.csproj", "{B350EE6E-CD36-4C92-8EDB-C511AC46FE90}"
EndProject
Project("{FAE04EC0-301F-11D3-BF4B-00C04F79EFBC}") = "Core.Controllers", "BeanSoft.Controllers\Core.Controllers.csproj", "{EFB9C78F-7749-49CA-9798-2CD5A595B3D9}"
EndProject
Project("{FAE04EC0-301F-11D3-BF4B-00C04F79EFBC}") = "Core.Common", "BeanSoft.Common\Core.Common.csproj", "{6765B17D-2D30-4C66-B8E6-B409817CAC97}"
EndProject
Project("{FAE04EC0-301F-11D3-BF4B-00C04F79EFBC}") = "Core.Controllers.Remote", "BeanSoft.Controllers.Remote\Core.Controllers.Remote.csproj", "{234D6B8F-8B57-4DC3-B6D8-70AB928056CB}"
EndProject
Project("{FAE04EC0-301F-11D3-BF4B-00C04F79EFBC}") = "GZipEncoder", "GZipEncoder\GZipEncoder.csproj", "{3EB736C4-62EA-4887-B040-948B13EF29B9}"
EndProject
Project("{2150E333-8FDC-42A3-9474-1A3956D46DE8}") = "Solution Items", "Solution Items", "{F002F161-C873-466B-8238-491B0F9ED3C5}"
	ProjectSection(SolutionItems) = preProject
		.editorconfig = .editorconfig
	EndProjectSection
EndProject
Project("{2150E333-8FDC-42A3-9474-1A3956D46DE8}") = "4.WebApp", "4.WebApp", "{A6B500F4-F849-4FFF-94D5-AD0C60BF2205}"
EndProject
Project("{2150E333-8FDC-42A3-9474-1A3956D46DE8}") = "5.WebAPI", "5.WebAPI", "{E5CACE02-C4C7-4159-91CD-94C5997F15BD}"
EndProject
Project("{9A19103F-16F7-4668-BE54-9A1E7A4F7556}") = "WebAppCore", "WebAppCore\WebAppCore.csproj", "{49949057-34A5-4A89-9345-29D995C5AABF}"
EndProject
Project("{9A19103F-16F7-4668-BE54-9A1E7A4F7556}") = "WebApiCore", "WebApiCore\WebApiCore.csproj", "{B45378D7-BA93-45FC-9373-92EFC5509E33}"
EndProject
Project("{9A19103F-16F7-4668-BE54-9A1E7A4F7556}") = "WebModelCore", "WebModelCore\WebModelCore.csproj", "{FBC4EDBD-C30D-4B11-9B9E-2F0AD9463DBB}"
EndProject
Project("{9A19103F-16F7-4668-BE54-9A1E7A4F7556}") = "WebCore.Common", "WebCore.Common\WebCore.Common.csproj", "{E42EE908-629F-4DCE-A163-5E47815F667A}"
EndProject
Project("{9A19103F-16F7-4668-BE54-9A1E7A4F7556}") = "WebCore.Entities", "WebCore.Entities\WebCore.Entities.csproj", "{F555D3A8-CFD1-4440-8C17-DDA963BAE2CF}"
EndProject
Project("{2150E333-8FDC-42A3-9474-1A3956D46DE8}") = "6.DataAccess", "6.DataAccess", "{E3A94B3B-C93B-46EA-823F-0C33858F538F}"
EndProject
Project("{9A19103F-16F7-4668-BE54-9A1E7A4F7556}") = "Core.DataAccess", "DataAccess\Core.DataAccess.csproj", "{577BCDDB-5809-4B9C-8149-BBBE65480B51}"
EndProject
Project("{9A19103F-16F7-4668-BE54-9A1E7A4F7556}") = "LoggerService", "LoggerService\LoggerService.csproj", "{76800516-2BF6-4E75-8F4E-CCE7E7BDCD73}"
EndProject
Project("{9A19103F-16F7-4668-BE54-9A1E7A4F7556}") = "CatalogsService", "CatalogsService\CatalogsService.csproj", "{D6A65085-B0A7-4CFF-B5B7-717B07BE0FB8}"
EndProject
Project("{2150E333-8FDC-42A3-9474-1A3956D46DE8}") = "7.Gateway", "7.Gateway", "{937A81C2-60E6-42EB-BF2B-6E70671396C3}"
EndProject
Project("{9A19103F-16F7-4668-BE54-9A1E7A4F7556}") = "ApiGateway", "ApiGateway\ApiGateway.csproj", "{797E1E17-3790-4BA3-B2C6-9B099CACECF1}"
EndProject
Project("{9A19103F-16F7-4668-BE54-9A1E7A4F7556}") = "DashboardService", "DashboardService\DashboardService.csproj", "{B49030F3-071D-4BA8-A921-3F3D26395994}"
EndProject
Project("{9A19103F-16F7-4668-BE54-9A1E7A4F7556}") = "NotificationService", "NotificationService\NotificationService.csproj", "{E4A57A4D-5B38-418C-9582-B37E88512561}"
EndProject
Project("{9A19103F-16F7-4668-BE54-9A1E7A4F7556}") = "ReportService", "ReportService\ReportService.csproj", "{550573F6-C66C-420B-A507-7FB0E64ED0D0}"
EndProject
Project("{2150E333-8FDC-42A3-9474-1A3956D46DE8}") = "8.EventBus", "8.EventBus", "{2959A7D0-E782-4BC8-8533-4E27D91BD70B}"
EndProject
Project("{9A19103F-16F7-4668-BE54-9A1E7A4F7556}") = "MessageQueue", "MessageQueue\MessageQueue.csproj", "{F185789E-5853-4359-BB7B-46B37B4A9DD6}"
EndProject
Project("{9A19103F-16F7-4668-BE54-9A1E7A4F7556}") = "Core.Test", "Core.Test\Core.Test.csproj", "{484B4012-39C7-4B16-8C5A-5E32ECE432FF}"
EndProject
Project("{9A19103F-16F7-4668-BE54-9A1E7A4F7556}") = "IdentityServer", "IdentityServer\IdentityServer.csproj", "{AE272E6E-4BB6-4A87-8FC4-F14B346AEA0C}"
EndProject
Project("{9A19103F-16F7-4668-BE54-9A1E7A4F7556}") = "Sagas", "Sagas\Sagas.csproj", "{DF2F5C2D-2AF0-4838-A5D1-6722C2C72693}"
EndProject
Project("{9A19103F-16F7-4668-BE54-9A1E7A4F7556}") = "WebAppCoreBlazorServer", "WebAppCoreBlazorServer\WebAppCoreBlazorServer.csproj", "{4393C5DF-1D5A-4FC8-B771-B17B9D17BB54}"
EndProject
Project("{9A19103F-16F7-4668-BE54-9A1E7A4F7556}") = "Blazored.Modal", "Blazored.Modal\Blazored.Modal.csproj", "{09E2CEE1-E950-4835-88C2-C867AF28A498}"
EndProject
Project("{2150E333-8FDC-42A3-9474-1A3956D46DE8}") = "BlazorControl", "BlazorControl", "{621569AA-FFEA-4B6D-8DB8-D377599B30FE}"
EndProject
Project("{9A19103F-16F7-4668-BE54-9A1E7A4F7556}") = "GridBlazor", "BlazorControl\GridBlazor\GridBlazor.csproj", "{BF07057C-87D1-462E-B9AA-63A0F1C5B5A7}"
EndProject
Project("{9A19103F-16F7-4668-BE54-9A1E7A4F7556}") = "GridShared", "BlazorControl\GridShared\GridShared.csproj", "{3F3E5DA9-BAF8-47CC-A092-27381A663A01}"
EndProject
Project("{9A19103F-16F7-4668-BE54-9A1E7A4F7556}") = "Blazored.TextEditor", "BlazorControl\Blazored.TextEditor\Blazored.TextEditor.csproj", "{8B1D2F7B-D5E7-409B-9536-351C70DE9B53}"
EndProject
Global
	GlobalSection(SolutionConfigurationPlatforms) = preSolution
		Debug|Any CPU = Debug|Any CPU
		Debug|Itanium = Debug|Itanium
		Debug|Mixed Platforms = Debug|Mixed Platforms
		Debug|x64 = Debug|x64
		Debug|x86 = Debug|x86
		Release|Any CPU = Release|Any CPU
		Release|Itanium = Release|Itanium
		Release|Mixed Platforms = Release|Mixed Platforms
		Release|x64 = Release|x64
		Release|x86 = Release|x86
	EndGlobalSection
	GlobalSection(ProjectConfigurationPlatforms) = postSolution
		{FABDB8FF-CA6C-43CF-B0C9-392B33F4ED29}.Debug|Any CPU.ActiveCfg = Debug|Any CPU
		{FABDB8FF-CA6C-43CF-B0C9-392B33F4ED29}.Debug|Any CPU.Build.0 = Debug|Any CPU
		{FABDB8FF-CA6C-43CF-B0C9-392B33F4ED29}.Debug|Itanium.ActiveCfg = Debug|Itanium
		{FABDB8FF-CA6C-43CF-B0C9-392B33F4ED29}.Debug|Itanium.Build.0 = Debug|Itanium
		{FABDB8FF-CA6C-43CF-B0C9-392B33F4ED29}.Debug|Mixed Platforms.ActiveCfg = Debug|x86
		{FABDB8FF-CA6C-43CF-B0C9-392B33F4ED29}.Debug|Mixed Platforms.Build.0 = Debug|x86
		{FABDB8FF-CA6C-43CF-B0C9-392B33F4ED29}.Debug|x64.ActiveCfg = Debug|x64
		{FABDB8FF-CA6C-43CF-B0C9-392B33F4ED29}.Debug|x64.Build.0 = Debug|x64
		{FABDB8FF-CA6C-43CF-B0C9-392B33F4ED29}.Debug|x86.ActiveCfg = Debug|x86
		{FABDB8FF-CA6C-43CF-B0C9-392B33F4ED29}.Debug|x86.Build.0 = Debug|x86
		{FABDB8FF-CA6C-43CF-B0C9-392B33F4ED29}.Release|Any CPU.ActiveCfg = Release|Any CPU
		{FABDB8FF-CA6C-43CF-B0C9-392B33F4ED29}.Release|Any CPU.Build.0 = Release|Any CPU
		{FABDB8FF-CA6C-43CF-B0C9-392B33F4ED29}.Release|Itanium.ActiveCfg = Release|Itanium
		{FABDB8FF-CA6C-43CF-B0C9-392B33F4ED29}.Release|Itanium.Build.0 = Release|Itanium
		{FABDB8FF-CA6C-43CF-B0C9-392B33F4ED29}.Release|Mixed Platforms.ActiveCfg = Release|x86
		{FABDB8FF-CA6C-43CF-B0C9-392B33F4ED29}.Release|Mixed Platforms.Build.0 = Release|x86
		{FABDB8FF-CA6C-43CF-B0C9-392B33F4ED29}.Release|x64.ActiveCfg = Release|x64
		{FABDB8FF-CA6C-43CF-B0C9-392B33F4ED29}.Release|x64.Build.0 = Release|x64
		{FABDB8FF-CA6C-43CF-B0C9-392B33F4ED29}.Release|x86.ActiveCfg = Release|x86
		{FABDB8FF-CA6C-43CF-B0C9-392B33F4ED29}.Release|x86.Build.0 = Release|x86
		{C6D0E5A9-CC89-4305-A686-7F67E4FC0CBC}.Debug|Any CPU.ActiveCfg = Debug|Any CPU
		{C6D0E5A9-CC89-4305-A686-7F67E4FC0CBC}.Debug|Any CPU.Build.0 = Debug|Any CPU
		{C6D0E5A9-CC89-4305-A686-7F67E4FC0CBC}.Debug|Itanium.ActiveCfg = Debug|Itanium
		{C6D0E5A9-CC89-4305-A686-7F67E4FC0CBC}.Debug|Itanium.Build.0 = Debug|Itanium
		{C6D0E5A9-CC89-4305-A686-7F67E4FC0CBC}.Debug|Mixed Platforms.ActiveCfg = Debug|x86
		{C6D0E5A9-CC89-4305-A686-7F67E4FC0CBC}.Debug|Mixed Platforms.Build.0 = Debug|x86
		{C6D0E5A9-CC89-4305-A686-7F67E4FC0CBC}.Debug|x64.ActiveCfg = Debug|x64
		{C6D0E5A9-CC89-4305-A686-7F67E4FC0CBC}.Debug|x64.Build.0 = Debug|x64
		{C6D0E5A9-CC89-4305-A686-7F67E4FC0CBC}.Debug|x86.ActiveCfg = Debug|x86
		{C6D0E5A9-CC89-4305-A686-7F67E4FC0CBC}.Debug|x86.Build.0 = Debug|x86
		{C6D0E5A9-CC89-4305-A686-7F67E4FC0CBC}.Release|Any CPU.ActiveCfg = Release|Any CPU
		{C6D0E5A9-CC89-4305-A686-7F67E4FC0CBC}.Release|Any CPU.Build.0 = Release|Any CPU
		{C6D0E5A9-CC89-4305-A686-7F67E4FC0CBC}.Release|Itanium.ActiveCfg = Release|Itanium
		{C6D0E5A9-CC89-4305-A686-7F67E4FC0CBC}.Release|Itanium.Build.0 = Release|Itanium
		{C6D0E5A9-CC89-4305-A686-7F67E4FC0CBC}.Release|Mixed Platforms.ActiveCfg = Release|x86
		{C6D0E5A9-CC89-4305-A686-7F67E4FC0CBC}.Release|Mixed Platforms.Build.0 = Release|x86
		{C6D0E5A9-CC89-4305-A686-7F67E4FC0CBC}.Release|x64.ActiveCfg = Release|x64
		{C6D0E5A9-CC89-4305-A686-7F67E4FC0CBC}.Release|x64.Build.0 = Release|x64
		{C6D0E5A9-CC89-4305-A686-7F67E4FC0CBC}.Release|x86.ActiveCfg = Release|x86
		{C6D0E5A9-CC89-4305-A686-7F67E4FC0CBC}.Release|x86.Build.0 = Release|x86
		{B350EE6E-CD36-4C92-8EDB-C511AC46FE90}.Debug|Any CPU.ActiveCfg = Debug|Any CPU
		{B350EE6E-CD36-4C92-8EDB-C511AC46FE90}.Debug|Any CPU.Build.0 = Debug|Any CPU
		{B350EE6E-CD36-4C92-8EDB-C511AC46FE90}.Debug|Itanium.ActiveCfg = Debug|Itanium
		{B350EE6E-CD36-4C92-8EDB-C511AC46FE90}.Debug|Itanium.Build.0 = Debug|Itanium
		{B350EE6E-CD36-4C92-8EDB-C511AC46FE90}.Debug|Mixed Platforms.ActiveCfg = Debug|x86
		{B350EE6E-CD36-4C92-8EDB-C511AC46FE90}.Debug|Mixed Platforms.Build.0 = Debug|x86
		{B350EE6E-CD36-4C92-8EDB-C511AC46FE90}.Debug|x64.ActiveCfg = Debug|x64
		{B350EE6E-CD36-4C92-8EDB-C511AC46FE90}.Debug|x64.Build.0 = Debug|x64
		{B350EE6E-CD36-4C92-8EDB-C511AC46FE90}.Debug|x86.ActiveCfg = Debug|x86
		{B350EE6E-CD36-4C92-8EDB-C511AC46FE90}.Debug|x86.Build.0 = Debug|x86
		{B350EE6E-CD36-4C92-8EDB-C511AC46FE90}.Release|Any CPU.ActiveCfg = Release|Any CPU
		{B350EE6E-CD36-4C92-8EDB-C511AC46FE90}.Release|Any CPU.Build.0 = Release|Any CPU
		{B350EE6E-CD36-4C92-8EDB-C511AC46FE90}.Release|Itanium.ActiveCfg = Release|Itanium
		{B350EE6E-CD36-4C92-8EDB-C511AC46FE90}.Release|Itanium.Build.0 = Release|Itanium
		{B350EE6E-CD36-4C92-8EDB-C511AC46FE90}.Release|Mixed Platforms.ActiveCfg = Release|x86
		{B350EE6E-CD36-4C92-8EDB-C511AC46FE90}.Release|Mixed Platforms.Build.0 = Release|x86
		{B350EE6E-CD36-4C92-8EDB-C511AC46FE90}.Release|x64.ActiveCfg = Release|x64
		{B350EE6E-CD36-4C92-8EDB-C511AC46FE90}.Release|x64.Build.0 = Release|x64
		{B350EE6E-CD36-4C92-8EDB-C511AC46FE90}.Release|x86.ActiveCfg = Release|x86
		{B350EE6E-CD36-4C92-8EDB-C511AC46FE90}.Release|x86.Build.0 = Release|x86
		{EFB9C78F-7749-49CA-9798-2CD5A595B3D9}.Debug|Any CPU.ActiveCfg = Debug|Any CPU
		{EFB9C78F-7749-49CA-9798-2CD5A595B3D9}.Debug|Any CPU.Build.0 = Debug|Any CPU
		{EFB9C78F-7749-49CA-9798-2CD5A595B3D9}.Debug|Itanium.ActiveCfg = Debug|Itanium
		{EFB9C78F-7749-49CA-9798-2CD5A595B3D9}.Debug|Itanium.Build.0 = Debug|Itanium
		{EFB9C78F-7749-49CA-9798-2CD5A595B3D9}.Debug|Mixed Platforms.ActiveCfg = Debug|x86
		{EFB9C78F-7749-49CA-9798-2CD5A595B3D9}.Debug|Mixed Platforms.Build.0 = Debug|x86
		{EFB9C78F-7749-49CA-9798-2CD5A595B3D9}.Debug|x64.ActiveCfg = Debug|x64
		{EFB9C78F-7749-49CA-9798-2CD5A595B3D9}.Debug|x64.Build.0 = Debug|x64
		{EFB9C78F-7749-49CA-9798-2CD5A595B3D9}.Debug|x86.ActiveCfg = Debug|x86
		{EFB9C78F-7749-49CA-9798-2CD5A595B3D9}.Debug|x86.Build.0 = Debug|x86
		{EFB9C78F-7749-49CA-9798-2CD5A595B3D9}.Release|Any CPU.ActiveCfg = Release|Any CPU
		{EFB9C78F-7749-49CA-9798-2CD5A595B3D9}.Release|Any CPU.Build.0 = Release|Any CPU
		{EFB9C78F-7749-49CA-9798-2CD5A595B3D9}.Release|Itanium.ActiveCfg = Release|Itanium
		{EFB9C78F-7749-49CA-9798-2CD5A595B3D9}.Release|Itanium.Build.0 = Release|Itanium
		{EFB9C78F-7749-49CA-9798-2CD5A595B3D9}.Release|Mixed Platforms.ActiveCfg = Release|x86
		{EFB9C78F-7749-49CA-9798-2CD5A595B3D9}.Release|Mixed Platforms.Build.0 = Release|x86
		{EFB9C78F-7749-49CA-9798-2CD5A595B3D9}.Release|x64.ActiveCfg = Release|x64
		{EFB9C78F-7749-49CA-9798-2CD5A595B3D9}.Release|x64.Build.0 = Release|x64
		{EFB9C78F-7749-49CA-9798-2CD5A595B3D9}.Release|x86.ActiveCfg = Release|x86
		{EFB9C78F-7749-49CA-9798-2CD5A595B3D9}.Release|x86.Build.0 = Release|x86
		{6765B17D-2D30-4C66-B8E6-B409817CAC97}.Debug|Any CPU.ActiveCfg = Debug|Any CPU
		{6765B17D-2D30-4C66-B8E6-B409817CAC97}.Debug|Any CPU.Build.0 = Debug|Any CPU
		{6765B17D-2D30-4C66-B8E6-B409817CAC97}.Debug|Itanium.ActiveCfg = Debug|Itanium
		{6765B17D-2D30-4C66-B8E6-B409817CAC97}.Debug|Itanium.Build.0 = Debug|Itanium
		{6765B17D-2D30-4C66-B8E6-B409817CAC97}.Debug|Mixed Platforms.ActiveCfg = Debug|x86
		{6765B17D-2D30-4C66-B8E6-B409817CAC97}.Debug|Mixed Platforms.Build.0 = Debug|x86
		{6765B17D-2D30-4C66-B8E6-B409817CAC97}.Debug|x64.ActiveCfg = Debug|x64
		{6765B17D-2D30-4C66-B8E6-B409817CAC97}.Debug|x64.Build.0 = Debug|x64
		{6765B17D-2D30-4C66-B8E6-B409817CAC97}.Debug|x86.ActiveCfg = Debug|x86
		{6765B17D-2D30-4C66-B8E6-B409817CAC97}.Debug|x86.Build.0 = Debug|x86
		{6765B17D-2D30-4C66-B8E6-B409817CAC97}.Release|Any CPU.ActiveCfg = Release|Any CPU
		{6765B17D-2D30-4C66-B8E6-B409817CAC97}.Release|Any CPU.Build.0 = Release|Any CPU
		{6765B17D-2D30-4C66-B8E6-B409817CAC97}.Release|Itanium.ActiveCfg = Release|Itanium
		{6765B17D-2D30-4C66-B8E6-B409817CAC97}.Release|Itanium.Build.0 = Release|Itanium
		{6765B17D-2D30-4C66-B8E6-B409817CAC97}.Release|Mixed Platforms.ActiveCfg = Release|x86
		{6765B17D-2D30-4C66-B8E6-B409817CAC97}.Release|Mixed Platforms.Build.0 = Release|x86
		{6765B17D-2D30-4C66-B8E6-B409817CAC97}.Release|x64.ActiveCfg = Release|x64
		{6765B17D-2D30-4C66-B8E6-B409817CAC97}.Release|x64.Build.0 = Release|x64
		{6765B17D-2D30-4C66-B8E6-B409817CAC97}.Release|x86.ActiveCfg = Release|x86
		{6765B17D-2D30-4C66-B8E6-B409817CAC97}.Release|x86.Build.0 = Release|x86
		{234D6B8F-8B57-4DC3-B6D8-70AB928056CB}.Debug|Any CPU.ActiveCfg = Debug|Any CPU
		{234D6B8F-8B57-4DC3-B6D8-70AB928056CB}.Debug|Any CPU.Build.0 = Debug|Any CPU
		{234D6B8F-8B57-4DC3-B6D8-70AB928056CB}.Debug|Itanium.ActiveCfg = Debug|Itanium
		{234D6B8F-8B57-4DC3-B6D8-70AB928056CB}.Debug|Itanium.Build.0 = Debug|Itanium
		{234D6B8F-8B57-4DC3-B6D8-70AB928056CB}.Debug|Mixed Platforms.ActiveCfg = Debug|x86
		{234D6B8F-8B57-4DC3-B6D8-70AB928056CB}.Debug|Mixed Platforms.Build.0 = Debug|x86
		{234D6B8F-8B57-4DC3-B6D8-70AB928056CB}.Debug|x64.ActiveCfg = Debug|x64
		{234D6B8F-8B57-4DC3-B6D8-70AB928056CB}.Debug|x64.Build.0 = Debug|x64
		{234D6B8F-8B57-4DC3-B6D8-70AB928056CB}.Debug|x86.ActiveCfg = Debug|x86
		{234D6B8F-8B57-4DC3-B6D8-70AB928056CB}.Debug|x86.Build.0 = Debug|x86
		{234D6B8F-8B57-4DC3-B6D8-70AB928056CB}.Release|Any CPU.ActiveCfg = Release|Any CPU
		{234D6B8F-8B57-4DC3-B6D8-70AB928056CB}.Release|Any CPU.Build.0 = Release|Any CPU
		{234D6B8F-8B57-4DC3-B6D8-70AB928056CB}.Release|Itanium.ActiveCfg = Release|Itanium
		{234D6B8F-8B57-4DC3-B6D8-70AB928056CB}.Release|Itanium.Build.0 = Release|Itanium
		{234D6B8F-8B57-4DC3-B6D8-70AB928056CB}.Release|Mixed Platforms.ActiveCfg = Release|x86
		{234D6B8F-8B57-4DC3-B6D8-70AB928056CB}.Release|Mixed Platforms.Build.0 = Release|x86
		{234D6B8F-8B57-4DC3-B6D8-70AB928056CB}.Release|x64.ActiveCfg = Release|x64
		{234D6B8F-8B57-4DC3-B6D8-70AB928056CB}.Release|x64.Build.0 = Release|x64
		{234D6B8F-8B57-4DC3-B6D8-70AB928056CB}.Release|x86.ActiveCfg = Release|x86
		{234D6B8F-8B57-4DC3-B6D8-70AB928056CB}.Release|x86.Build.0 = Release|x86
		{3EB736C4-62EA-4887-B040-948B13EF29B9}.Debug|Any CPU.ActiveCfg = Debug|Any CPU
		{3EB736C4-62EA-4887-B040-948B13EF29B9}.Debug|Any CPU.Build.0 = Debug|Any CPU
		{3EB736C4-62EA-4887-B040-948B13EF29B9}.Debug|Itanium.ActiveCfg = Debug|Itanium
		{3EB736C4-62EA-4887-B040-948B13EF29B9}.Debug|Itanium.Build.0 = Debug|Itanium
		{3EB736C4-62EA-4887-B040-948B13EF29B9}.Debug|Mixed Platforms.ActiveCfg = Debug|x86
		{3EB736C4-62EA-4887-B040-948B13EF29B9}.Debug|Mixed Platforms.Build.0 = Debug|x86
		{3EB736C4-62EA-4887-B040-948B13EF29B9}.Debug|x64.ActiveCfg = Debug|x64
		{3EB736C4-62EA-4887-B040-948B13EF29B9}.Debug|x64.Build.0 = Debug|x64
		{3EB736C4-62EA-4887-B040-948B13EF29B9}.Debug|x86.ActiveCfg = Debug|x86
		{3EB736C4-62EA-4887-B040-948B13EF29B9}.Debug|x86.Build.0 = Debug|x86
		{3EB736C4-62EA-4887-B040-948B13EF29B9}.Release|Any CPU.ActiveCfg = Release|Any CPU
		{3EB736C4-62EA-4887-B040-948B13EF29B9}.Release|Any CPU.Build.0 = Release|Any CPU
		{3EB736C4-62EA-4887-B040-948B13EF29B9}.Release|Itanium.ActiveCfg = Release|Itanium
		{3EB736C4-62EA-4887-B040-948B13EF29B9}.Release|Itanium.Build.0 = Release|Itanium
		{3EB736C4-62EA-4887-B040-948B13EF29B9}.Release|Mixed Platforms.ActiveCfg = Release|x86
		{3EB736C4-62EA-4887-B040-948B13EF29B9}.Release|Mixed Platforms.Build.0 = Release|x86
		{3EB736C4-62EA-4887-B040-948B13EF29B9}.Release|x64.ActiveCfg = Release|x64
		{3EB736C4-62EA-4887-B040-948B13EF29B9}.Release|x64.Build.0 = Release|x64
		{3EB736C4-62EA-4887-B040-948B13EF29B9}.Release|x86.ActiveCfg = Release|x86
		{3EB736C4-62EA-4887-B040-948B13EF29B9}.Release|x86.Build.0 = Release|x86
		{49949057-34A5-4A89-9345-29D995C5AABF}.Debug|Any CPU.ActiveCfg = Debug|Any CPU
		{49949057-34A5-4A89-9345-29D995C5AABF}.Debug|Any CPU.Build.0 = Debug|Any CPU
		{49949057-34A5-4A89-9345-29D995C5AABF}.Debug|Itanium.ActiveCfg = Debug|Any CPU
		{49949057-34A5-4A89-9345-29D995C5AABF}.Debug|Itanium.Build.0 = Debug|Any CPU
		{49949057-34A5-4A89-9345-29D995C5AABF}.Debug|Mixed Platforms.ActiveCfg = Debug|Any CPU
		{49949057-34A5-4A89-9345-29D995C5AABF}.Debug|Mixed Platforms.Build.0 = Debug|Any CPU
		{49949057-34A5-4A89-9345-29D995C5AABF}.Debug|x64.ActiveCfg = Debug|Any CPU
		{49949057-34A5-4A89-9345-29D995C5AABF}.Debug|x64.Build.0 = Debug|Any CPU
		{49949057-34A5-4A89-9345-29D995C5AABF}.Debug|x86.ActiveCfg = Debug|Any CPU
		{49949057-34A5-4A89-9345-29D995C5AABF}.Debug|x86.Build.0 = Debug|Any CPU
		{49949057-34A5-4A89-9345-29D995C5AABF}.Release|Any CPU.ActiveCfg = Release|Any CPU
		{49949057-34A5-4A89-9345-29D995C5AABF}.Release|Any CPU.Build.0 = Release|Any CPU
		{49949057-34A5-4A89-9345-29D995C5AABF}.Release|Itanium.ActiveCfg = Release|Any CPU
		{49949057-34A5-4A89-9345-29D995C5AABF}.Release|Itanium.Build.0 = Release|Any CPU
		{49949057-34A5-4A89-9345-29D995C5AABF}.Release|Mixed Platforms.ActiveCfg = Release|Any CPU
		{49949057-34A5-4A89-9345-29D995C5AABF}.Release|Mixed Platforms.Build.0 = Release|Any CPU
		{49949057-34A5-4A89-9345-29D995C5AABF}.Release|x64.ActiveCfg = Release|Any CPU
		{49949057-34A5-4A89-9345-29D995C5AABF}.Release|x64.Build.0 = Release|Any CPU
		{49949057-34A5-4A89-9345-29D995C5AABF}.Release|x86.ActiveCfg = Release|Any CPU
		{49949057-34A5-4A89-9345-29D995C5AABF}.Release|x86.Build.0 = Release|Any CPU
		{B45378D7-BA93-45FC-9373-92EFC5509E33}.Debug|Any CPU.ActiveCfg = Debug|Any CPU
		{B45378D7-BA93-45FC-9373-92EFC5509E33}.Debug|Any CPU.Build.0 = Debug|Any CPU
		{B45378D7-BA93-45FC-9373-92EFC5509E33}.Debug|Itanium.ActiveCfg = Debug|Any CPU
		{B45378D7-BA93-45FC-9373-92EFC5509E33}.Debug|Itanium.Build.0 = Debug|Any CPU
		{B45378D7-BA93-45FC-9373-92EFC5509E33}.Debug|Mixed Platforms.ActiveCfg = Debug|Any CPU
		{B45378D7-BA93-45FC-9373-92EFC5509E33}.Debug|Mixed Platforms.Build.0 = Debug|Any CPU
		{B45378D7-BA93-45FC-9373-92EFC5509E33}.Debug|x64.ActiveCfg = Debug|Any CPU
		{B45378D7-BA93-45FC-9373-92EFC5509E33}.Debug|x64.Build.0 = Debug|Any CPU
		{B45378D7-BA93-45FC-9373-92EFC5509E33}.Debug|x86.ActiveCfg = Debug|Any CPU
		{B45378D7-BA93-45FC-9373-92EFC5509E33}.Debug|x86.Build.0 = Debug|Any CPU
		{B45378D7-BA93-45FC-9373-92EFC5509E33}.Release|Any CPU.ActiveCfg = Release|Any CPU
		{B45378D7-BA93-45FC-9373-92EFC5509E33}.Release|Any CPU.Build.0 = Release|Any CPU
		{B45378D7-BA93-45FC-9373-92EFC5509E33}.Release|Itanium.ActiveCfg = Release|Any CPU
		{B45378D7-BA93-45FC-9373-92EFC5509E33}.Release|Itanium.Build.0 = Release|Any CPU
		{B45378D7-BA93-45FC-9373-92EFC5509E33}.Release|Mixed Platforms.ActiveCfg = Release|Any CPU
		{B45378D7-BA93-45FC-9373-92EFC5509E33}.Release|Mixed Platforms.Build.0 = Release|Any CPU
		{B45378D7-BA93-45FC-9373-92EFC5509E33}.Release|x64.ActiveCfg = Release|Any CPU
		{B45378D7-BA93-45FC-9373-92EFC5509E33}.Release|x64.Build.0 = Release|Any CPU
		{B45378D7-BA93-45FC-9373-92EFC5509E33}.Release|x86.ActiveCfg = Release|Any CPU
		{B45378D7-BA93-45FC-9373-92EFC5509E33}.Release|x86.Build.0 = Release|Any CPU
		{FBC4EDBD-C30D-4B11-9B9E-2F0AD9463DBB}.Debug|Any CPU.ActiveCfg = Debug|Any CPU
		{FBC4EDBD-C30D-4B11-9B9E-2F0AD9463DBB}.Debug|Any CPU.Build.0 = Debug|Any CPU
		{FBC4EDBD-C30D-4B11-9B9E-2F0AD9463DBB}.Debug|Itanium.ActiveCfg = Debug|Any CPU
		{FBC4EDBD-C30D-4B11-9B9E-2F0AD9463DBB}.Debug|Itanium.Build.0 = Debug|Any CPU
		{FBC4EDBD-C30D-4B11-9B9E-2F0AD9463DBB}.Debug|Mixed Platforms.ActiveCfg = Debug|Any CPU
		{FBC4EDBD-C30D-4B11-9B9E-2F0AD9463DBB}.Debug|Mixed Platforms.Build.0 = Debug|Any CPU
		{FBC4EDBD-C30D-4B11-9B9E-2F0AD9463DBB}.Debug|x64.ActiveCfg = Debug|Any CPU
		{FBC4EDBD-C30D-4B11-9B9E-2F0AD9463DBB}.Debug|x64.Build.0 = Debug|Any CPU
		{FBC4EDBD-C30D-4B11-9B9E-2F0AD9463DBB}.Debug|x86.ActiveCfg = Debug|Any CPU
		{FBC4EDBD-C30D-4B11-9B9E-2F0AD9463DBB}.Debug|x86.Build.0 = Debug|Any CPU
		{FBC4EDBD-C30D-4B11-9B9E-2F0AD9463DBB}.Release|Any CPU.ActiveCfg = Release|Any CPU
		{FBC4EDBD-C30D-4B11-9B9E-2F0AD9463DBB}.Release|Any CPU.Build.0 = Release|Any CPU
		{FBC4EDBD-C30D-4B11-9B9E-2F0AD9463DBB}.Release|Itanium.ActiveCfg = Release|Any CPU
		{FBC4EDBD-C30D-4B11-9B9E-2F0AD9463DBB}.Release|Itanium.Build.0 = Release|Any CPU
		{FBC4EDBD-C30D-4B11-9B9E-2F0AD9463DBB}.Release|Mixed Platforms.ActiveCfg = Release|Any CPU
		{FBC4EDBD-C30D-4B11-9B9E-2F0AD9463DBB}.Release|Mixed Platforms.Build.0 = Release|Any CPU
		{FBC4EDBD-C30D-4B11-9B9E-2F0AD9463DBB}.Release|x64.ActiveCfg = Release|Any CPU
		{FBC4EDBD-C30D-4B11-9B9E-2F0AD9463DBB}.Release|x64.Build.0 = Release|Any CPU
		{FBC4EDBD-C30D-4B11-9B9E-2F0AD9463DBB}.Release|x86.ActiveCfg = Release|Any CPU
		{FBC4EDBD-C30D-4B11-9B9E-2F0AD9463DBB}.Release|x86.Build.0 = Release|Any CPU
		{E42EE908-629F-4DCE-A163-5E47815F667A}.Debug|Any CPU.ActiveCfg = Debug|Any CPU
		{E42EE908-629F-4DCE-A163-5E47815F667A}.Debug|Any CPU.Build.0 = Debug|Any CPU
		{E42EE908-629F-4DCE-A163-5E47815F667A}.Debug|Itanium.ActiveCfg = Debug|Any CPU
		{E42EE908-629F-4DCE-A163-5E47815F667A}.Debug|Itanium.Build.0 = Debug|Any CPU
		{E42EE908-629F-4DCE-A163-5E47815F667A}.Debug|Mixed Platforms.ActiveCfg = Debug|Any CPU
		{E42EE908-629F-4DCE-A163-5E47815F667A}.Debug|Mixed Platforms.Build.0 = Debug|Any CPU
		{E42EE908-629F-4DCE-A163-5E47815F667A}.Debug|x64.ActiveCfg = Debug|Any CPU
		{E42EE908-629F-4DCE-A163-5E47815F667A}.Debug|x64.Build.0 = Debug|Any CPU
		{E42EE908-629F-4DCE-A163-5E47815F667A}.Debug|x86.ActiveCfg = Debug|Any CPU
		{E42EE908-629F-4DCE-A163-5E47815F667A}.Debug|x86.Build.0 = Debug|Any CPU
		{E42EE908-629F-4DCE-A163-5E47815F667A}.Release|Any CPU.ActiveCfg = Release|Any CPU
		{E42EE908-629F-4DCE-A163-5E47815F667A}.Release|Any CPU.Build.0 = Release|Any CPU
		{E42EE908-629F-4DCE-A163-5E47815F667A}.Release|Itanium.ActiveCfg = Release|Any CPU
		{E42EE908-629F-4DCE-A163-5E47815F667A}.Release|Itanium.Build.0 = Release|Any CPU
		{E42EE908-629F-4DCE-A163-5E47815F667A}.Release|Mixed Platforms.ActiveCfg = Release|Any CPU
		{E42EE908-629F-4DCE-A163-5E47815F667A}.Release|Mixed Platforms.Build.0 = Release|Any CPU
		{E42EE908-629F-4DCE-A163-5E47815F667A}.Release|x64.ActiveCfg = Release|Any CPU
		{E42EE908-629F-4DCE-A163-5E47815F667A}.Release|x64.Build.0 = Release|Any CPU
		{E42EE908-629F-4DCE-A163-5E47815F667A}.Release|x86.ActiveCfg = Release|Any CPU
		{E42EE908-629F-4DCE-A163-5E47815F667A}.Release|x86.Build.0 = Release|Any CPU
		{F555D3A8-CFD1-4440-8C17-DDA963BAE2CF}.Debug|Any CPU.ActiveCfg = Debug|Any CPU
		{F555D3A8-CFD1-4440-8C17-DDA963BAE2CF}.Debug|Any CPU.Build.0 = Debug|Any CPU
		{F555D3A8-CFD1-4440-8C17-DDA963BAE2CF}.Debug|Itanium.ActiveCfg = Debug|Any CPU
		{F555D3A8-CFD1-4440-8C17-DDA963BAE2CF}.Debug|Itanium.Build.0 = Debug|Any CPU
		{F555D3A8-CFD1-4440-8C17-DDA963BAE2CF}.Debug|Mixed Platforms.ActiveCfg = Debug|Any CPU
		{F555D3A8-CFD1-4440-8C17-DDA963BAE2CF}.Debug|Mixed Platforms.Build.0 = Debug|Any CPU
		{F555D3A8-CFD1-4440-8C17-DDA963BAE2CF}.Debug|x64.ActiveCfg = Debug|Any CPU
		{F555D3A8-CFD1-4440-8C17-DDA963BAE2CF}.Debug|x64.Build.0 = Debug|Any CPU
		{F555D3A8-CFD1-4440-8C17-DDA963BAE2CF}.Debug|x86.ActiveCfg = Debug|Any CPU
		{F555D3A8-CFD1-4440-8C17-DDA963BAE2CF}.Debug|x86.Build.0 = Debug|Any CPU
		{F555D3A8-CFD1-4440-8C17-DDA963BAE2CF}.Release|Any CPU.ActiveCfg = Release|Any CPU
		{F555D3A8-CFD1-4440-8C17-DDA963BAE2CF}.Release|Any CPU.Build.0 = Release|Any CPU
		{F555D3A8-CFD1-4440-8C17-DDA963BAE2CF}.Release|Itanium.ActiveCfg = Release|Any CPU
		{F555D3A8-CFD1-4440-8C17-DDA963BAE2CF}.Release|Itanium.Build.0 = Release|Any CPU
		{F555D3A8-CFD1-4440-8C17-DDA963BAE2CF}.Release|Mixed Platforms.ActiveCfg = Release|Any CPU
		{F555D3A8-CFD1-4440-8C17-DDA963BAE2CF}.Release|Mixed Platforms.Build.0 = Release|Any CPU
		{F555D3A8-CFD1-4440-8C17-DDA963BAE2CF}.Release|x64.ActiveCfg = Release|Any CPU
		{F555D3A8-CFD1-4440-8C17-DDA963BAE2CF}.Release|x64.Build.0 = Release|Any CPU
		{F555D3A8-CFD1-4440-8C17-DDA963BAE2CF}.Release|x86.ActiveCfg = Release|Any CPU
		{F555D3A8-CFD1-4440-8C17-DDA963BAE2CF}.Release|x86.Build.0 = Release|Any CPU
		{577BCDDB-5809-4B9C-8149-BBBE65480B51}.Debug|Any CPU.ActiveCfg = Debug|Any CPU
		{577BCDDB-5809-4B9C-8149-BBBE65480B51}.Debug|Any CPU.Build.0 = Debug|Any CPU
		{577BCDDB-5809-4B9C-8149-BBBE65480B51}.Debug|Itanium.ActiveCfg = Debug|Any CPU
		{577BCDDB-5809-4B9C-8149-BBBE65480B51}.Debug|Itanium.Build.0 = Debug|Any CPU
		{577BCDDB-5809-4B9C-8149-BBBE65480B51}.Debug|Mixed Platforms.ActiveCfg = Debug|Any CPU
		{577BCDDB-5809-4B9C-8149-BBBE65480B51}.Debug|Mixed Platforms.Build.0 = Debug|Any CPU
		{577BCDDB-5809-4B9C-8149-BBBE65480B51}.Debug|x64.ActiveCfg = Debug|Any CPU
		{577BCDDB-5809-4B9C-8149-BBBE65480B51}.Debug|x64.Build.0 = Debug|Any CPU
		{577BCDDB-5809-4B9C-8149-BBBE65480B51}.Debug|x86.ActiveCfg = Debug|Any CPU
		{577BCDDB-5809-4B9C-8149-BBBE65480B51}.Debug|x86.Build.0 = Debug|Any CPU
		{577BCDDB-5809-4B9C-8149-BBBE65480B51}.Release|Any CPU.ActiveCfg = Release|Any CPU
		{577BCDDB-5809-4B9C-8149-BBBE65480B51}.Release|Any CPU.Build.0 = Release|Any CPU
		{577BCDDB-5809-4B9C-8149-BBBE65480B51}.Release|Itanium.ActiveCfg = Release|Any CPU
		{577BCDDB-5809-4B9C-8149-BBBE65480B51}.Release|Itanium.Build.0 = Release|Any CPU
		{577BCDDB-5809-4B9C-8149-BBBE65480B51}.Release|Mixed Platforms.ActiveCfg = Release|Any CPU
		{577BCDDB-5809-4B9C-8149-BBBE65480B51}.Release|Mixed Platforms.Build.0 = Release|Any CPU
		{577BCDDB-5809-4B9C-8149-BBBE65480B51}.Release|x64.ActiveCfg = Release|Any CPU
		{577BCDDB-5809-4B9C-8149-BBBE65480B51}.Release|x64.Build.0 = Release|Any CPU
		{577BCDDB-5809-4B9C-8149-BBBE65480B51}.Release|x86.ActiveCfg = Release|Any CPU
		{577BCDDB-5809-4B9C-8149-BBBE65480B51}.Release|x86.Build.0 = Release|Any CPU
		{76800516-2BF6-4E75-8F4E-CCE7E7BDCD73}.Debug|Any CPU.ActiveCfg = Debug|Any CPU
		{76800516-2BF6-4E75-8F4E-CCE7E7BDCD73}.Debug|Any CPU.Build.0 = Debug|Any CPU
		{76800516-2BF6-4E75-8F4E-CCE7E7BDCD73}.Debug|Itanium.ActiveCfg = Debug|Any CPU
		{76800516-2BF6-4E75-8F4E-CCE7E7BDCD73}.Debug|Itanium.Build.0 = Debug|Any CPU
		{76800516-2BF6-4E75-8F4E-CCE7E7BDCD73}.Debug|Mixed Platforms.ActiveCfg = Debug|Any CPU
		{76800516-2BF6-4E75-8F4E-CCE7E7BDCD73}.Debug|Mixed Platforms.Build.0 = Debug|Any CPU
		{76800516-2BF6-4E75-8F4E-CCE7E7BDCD73}.Debug|x64.ActiveCfg = Debug|Any CPU
		{76800516-2BF6-4E75-8F4E-CCE7E7BDCD73}.Debug|x64.Build.0 = Debug|Any CPU
		{76800516-2BF6-4E75-8F4E-CCE7E7BDCD73}.Debug|x86.ActiveCfg = Debug|Any CPU
		{76800516-2BF6-4E75-8F4E-CCE7E7BDCD73}.Debug|x86.Build.0 = Debug|Any CPU
		{76800516-2BF6-4E75-8F4E-CCE7E7BDCD73}.Release|Any CPU.ActiveCfg = Release|Any CPU
		{76800516-2BF6-4E75-8F4E-CCE7E7BDCD73}.Release|Any CPU.Build.0 = Release|Any CPU
		{76800516-2BF6-4E75-8F4E-CCE7E7BDCD73}.Release|Itanium.ActiveCfg = Release|Any CPU
		{76800516-2BF6-4E75-8F4E-CCE7E7BDCD73}.Release|Itanium.Build.0 = Release|Any CPU
		{76800516-2BF6-4E75-8F4E-CCE7E7BDCD73}.Release|Mixed Platforms.ActiveCfg = Release|Any CPU
		{76800516-2BF6-4E75-8F4E-CCE7E7BDCD73}.Release|Mixed Platforms.Build.0 = Release|Any CPU
		{76800516-2BF6-4E75-8F4E-CCE7E7BDCD73}.Release|x64.ActiveCfg = Release|Any CPU
		{76800516-2BF6-4E75-8F4E-CCE7E7BDCD73}.Release|x64.Build.0 = Release|Any CPU
		{76800516-2BF6-4E75-8F4E-CCE7E7BDCD73}.Release|x86.ActiveCfg = Release|Any CPU
		{76800516-2BF6-4E75-8F4E-CCE7E7BDCD73}.Release|x86.Build.0 = Release|Any CPU
		{D6A65085-B0A7-4CFF-B5B7-717B07BE0FB8}.Debug|Any CPU.ActiveCfg = Debug|Any CPU
		{D6A65085-B0A7-4CFF-B5B7-717B07BE0FB8}.Debug|Any CPU.Build.0 = Debug|Any CPU
		{D6A65085-B0A7-4CFF-B5B7-717B07BE0FB8}.Debug|Itanium.ActiveCfg = Debug|Any CPU
		{D6A65085-B0A7-4CFF-B5B7-717B07BE0FB8}.Debug|Itanium.Build.0 = Debug|Any CPU
		{D6A65085-B0A7-4CFF-B5B7-717B07BE0FB8}.Debug|Mixed Platforms.ActiveCfg = Debug|Any CPU
		{D6A65085-B0A7-4CFF-B5B7-717B07BE0FB8}.Debug|Mixed Platforms.Build.0 = Debug|Any CPU
		{D6A65085-B0A7-4CFF-B5B7-717B07BE0FB8}.Debug|x64.ActiveCfg = Debug|Any CPU
		{D6A65085-B0A7-4CFF-B5B7-717B07BE0FB8}.Debug|x64.Build.0 = Debug|Any CPU
		{D6A65085-B0A7-4CFF-B5B7-717B07BE0FB8}.Debug|x86.ActiveCfg = Debug|Any CPU
		{D6A65085-B0A7-4CFF-B5B7-717B07BE0FB8}.Debug|x86.Build.0 = Debug|Any CPU
		{D6A65085-B0A7-4CFF-B5B7-717B07BE0FB8}.Release|Any CPU.ActiveCfg = Release|Any CPU
		{D6A65085-B0A7-4CFF-B5B7-717B07BE0FB8}.Release|Any CPU.Build.0 = Release|Any CPU
		{D6A65085-B0A7-4CFF-B5B7-717B07BE0FB8}.Release|Itanium.ActiveCfg = Release|Any CPU
		{D6A65085-B0A7-4CFF-B5B7-717B07BE0FB8}.Release|Itanium.Build.0 = Release|Any CPU
		{D6A65085-B0A7-4CFF-B5B7-717B07BE0FB8}.Release|Mixed Platforms.ActiveCfg = Release|Any CPU
		{D6A65085-B0A7-4CFF-B5B7-717B07BE0FB8}.Release|Mixed Platforms.Build.0 = Release|Any CPU
		{D6A65085-B0A7-4CFF-B5B7-717B07BE0FB8}.Release|x64.ActiveCfg = Release|Any CPU
		{D6A65085-B0A7-4CFF-B5B7-717B07BE0FB8}.Release|x64.Build.0 = Release|Any CPU
		{D6A65085-B0A7-4CFF-B5B7-717B07BE0FB8}.Release|x86.ActiveCfg = Release|Any CPU
		{D6A65085-B0A7-4CFF-B5B7-717B07BE0FB8}.Release|x86.Build.0 = Release|Any CPU
		{797E1E17-3790-4BA3-B2C6-9B099CACECF1}.Debug|Any CPU.ActiveCfg = Debug|Any CPU
		{797E1E17-3790-4BA3-B2C6-9B099CACECF1}.Debug|Any CPU.Build.0 = Debug|Any CPU
		{797E1E17-3790-4BA3-B2C6-9B099CACECF1}.Debug|Itanium.ActiveCfg = Debug|Any CPU
		{797E1E17-3790-4BA3-B2C6-9B099CACECF1}.Debug|Itanium.Build.0 = Debug|Any CPU
		{797E1E17-3790-4BA3-B2C6-9B099CACECF1}.Debug|Mixed Platforms.ActiveCfg = Debug|Any CPU
		{797E1E17-3790-4BA3-B2C6-9B099CACECF1}.Debug|Mixed Platforms.Build.0 = Debug|Any CPU
		{797E1E17-3790-4BA3-B2C6-9B099CACECF1}.Debug|x64.ActiveCfg = Debug|Any CPU
		{797E1E17-3790-4BA3-B2C6-9B099CACECF1}.Debug|x64.Build.0 = Debug|Any CPU
		{797E1E17-3790-4BA3-B2C6-9B099CACECF1}.Debug|x86.ActiveCfg = Debug|Any CPU
		{797E1E17-3790-4BA3-B2C6-9B099CACECF1}.Debug|x86.Build.0 = Debug|Any CPU
		{797E1E17-3790-4BA3-B2C6-9B099CACECF1}.Release|Any CPU.ActiveCfg = Release|Any CPU
		{797E1E17-3790-4BA3-B2C6-9B099CACECF1}.Release|Any CPU.Build.0 = Release|Any CPU
		{797E1E17-3790-4BA3-B2C6-9B099CACECF1}.Release|Itanium.ActiveCfg = Release|Any CPU
		{797E1E17-3790-4BA3-B2C6-9B099CACECF1}.Release|Itanium.Build.0 = Release|Any CPU
		{797E1E17-3790-4BA3-B2C6-9B099CACECF1}.Release|Mixed Platforms.ActiveCfg = Release|Any CPU
		{797E1E17-3790-4BA3-B2C6-9B099CACECF1}.Release|Mixed Platforms.Build.0 = Release|Any CPU
		{797E1E17-3790-4BA3-B2C6-9B099CACECF1}.Release|x64.ActiveCfg = Release|Any CPU
		{797E1E17-3790-4BA3-B2C6-9B099CACECF1}.Release|x64.Build.0 = Release|Any CPU
		{797E1E17-3790-4BA3-B2C6-9B099CACECF1}.Release|x86.ActiveCfg = Release|Any CPU
		{797E1E17-3790-4BA3-B2C6-9B099CACECF1}.Release|x86.Build.0 = Release|Any CPU
		{B49030F3-071D-4BA8-A921-3F3D26395994}.Debug|Any CPU.ActiveCfg = Debug|Any CPU
		{B49030F3-071D-4BA8-A921-3F3D26395994}.Debug|Any CPU.Build.0 = Debug|Any CPU
		{B49030F3-071D-4BA8-A921-3F3D26395994}.Debug|Itanium.ActiveCfg = Debug|Any CPU
		{B49030F3-071D-4BA8-A921-3F3D26395994}.Debug|Itanium.Build.0 = Debug|Any CPU
		{B49030F3-071D-4BA8-A921-3F3D26395994}.Debug|Mixed Platforms.ActiveCfg = Debug|Any CPU
		{B49030F3-071D-4BA8-A921-3F3D26395994}.Debug|Mixed Platforms.Build.0 = Debug|Any CPU
		{B49030F3-071D-4BA8-A921-3F3D26395994}.Debug|x64.ActiveCfg = Debug|Any CPU
		{B49030F3-071D-4BA8-A921-3F3D26395994}.Debug|x64.Build.0 = Debug|Any CPU
		{B49030F3-071D-4BA8-A921-3F3D26395994}.Debug|x86.ActiveCfg = Debug|Any CPU
		{B49030F3-071D-4BA8-A921-3F3D26395994}.Debug|x86.Build.0 = Debug|Any CPU
		{B49030F3-071D-4BA8-A921-3F3D26395994}.Release|Any CPU.ActiveCfg = Release|Any CPU
		{B49030F3-071D-4BA8-A921-3F3D26395994}.Release|Any CPU.Build.0 = Release|Any CPU
		{B49030F3-071D-4BA8-A921-3F3D26395994}.Release|Itanium.ActiveCfg = Release|Any CPU
		{B49030F3-071D-4BA8-A921-3F3D26395994}.Release|Itanium.Build.0 = Release|Any CPU
		{B49030F3-071D-4BA8-A921-3F3D26395994}.Release|Mixed Platforms.ActiveCfg = Release|Any CPU
		{B49030F3-071D-4BA8-A921-3F3D26395994}.Release|Mixed Platforms.Build.0 = Release|Any CPU
		{B49030F3-071D-4BA8-A921-3F3D26395994}.Release|x64.ActiveCfg = Release|Any CPU
		{B49030F3-071D-4BA8-A921-3F3D26395994}.Release|x64.Build.0 = Release|Any CPU
		{B49030F3-071D-4BA8-A921-3F3D26395994}.Release|x86.ActiveCfg = Release|Any CPU
		{B49030F3-071D-4BA8-A921-3F3D26395994}.Release|x86.Build.0 = Release|Any CPU
		{E4A57A4D-5B38-418C-9582-B37E88512561}.Debug|Any CPU.ActiveCfg = Debug|Any CPU
		{E4A57A4D-5B38-418C-9582-B37E88512561}.Debug|Any CPU.Build.0 = Debug|Any CPU
		{E4A57A4D-5B38-418C-9582-B37E88512561}.Debug|Itanium.ActiveCfg = Debug|Any CPU
		{E4A57A4D-5B38-418C-9582-B37E88512561}.Debug|Itanium.Build.0 = Debug|Any CPU
		{E4A57A4D-5B38-418C-9582-B37E88512561}.Debug|Mixed Platforms.ActiveCfg = Debug|Any CPU
		{E4A57A4D-5B38-418C-9582-B37E88512561}.Debug|Mixed Platforms.Build.0 = Debug|Any CPU
		{E4A57A4D-5B38-418C-9582-B37E88512561}.Debug|x64.ActiveCfg = Debug|Any CPU
		{E4A57A4D-5B38-418C-9582-B37E88512561}.Debug|x64.Build.0 = Debug|Any CPU
		{E4A57A4D-5B38-418C-9582-B37E88512561}.Debug|x86.ActiveCfg = Debug|Any CPU
		{E4A57A4D-5B38-418C-9582-B37E88512561}.Debug|x86.Build.0 = Debug|Any CPU
		{E4A57A4D-5B38-418C-9582-B37E88512561}.Release|Any CPU.ActiveCfg = Release|Any CPU
		{E4A57A4D-5B38-418C-9582-B37E88512561}.Release|Any CPU.Build.0 = Release|Any CPU
		{E4A57A4D-5B38-418C-9582-B37E88512561}.Release|Itanium.ActiveCfg = Release|Any CPU
		{E4A57A4D-5B38-418C-9582-B37E88512561}.Release|Itanium.Build.0 = Release|Any CPU
		{E4A57A4D-5B38-418C-9582-B37E88512561}.Release|Mixed Platforms.ActiveCfg = Release|Any CPU
		{E4A57A4D-5B38-418C-9582-B37E88512561}.Release|Mixed Platforms.Build.0 = Release|Any CPU
		{E4A57A4D-5B38-418C-9582-B37E88512561}.Release|x64.ActiveCfg = Release|Any CPU
		{E4A57A4D-5B38-418C-9582-B37E88512561}.Release|x64.Build.0 = Release|Any CPU
		{E4A57A4D-5B38-418C-9582-B37E88512561}.Release|x86.ActiveCfg = Release|Any CPU
		{E4A57A4D-5B38-418C-9582-B37E88512561}.Release|x86.Build.0 = Release|Any CPU
		{550573F6-C66C-420B-A507-7FB0E64ED0D0}.Debug|Any CPU.ActiveCfg = Debug|Any CPU
		{550573F6-C66C-420B-A507-7FB0E64ED0D0}.Debug|Any CPU.Build.0 = Debug|Any CPU
		{550573F6-C66C-420B-A507-7FB0E64ED0D0}.Debug|Itanium.ActiveCfg = Debug|Any CPU
		{550573F6-C66C-420B-A507-7FB0E64ED0D0}.Debug|Itanium.Build.0 = Debug|Any CPU
		{550573F6-C66C-420B-A507-7FB0E64ED0D0}.Debug|Mixed Platforms.ActiveCfg = Debug|Any CPU
		{550573F6-C66C-420B-A507-7FB0E64ED0D0}.Debug|Mixed Platforms.Build.0 = Debug|Any CPU
		{550573F6-C66C-420B-A507-7FB0E64ED0D0}.Debug|x64.ActiveCfg = Debug|Any CPU
		{550573F6-C66C-420B-A507-7FB0E64ED0D0}.Debug|x64.Build.0 = Debug|Any CPU
		{550573F6-C66C-420B-A507-7FB0E64ED0D0}.Debug|x86.ActiveCfg = Debug|Any CPU
		{550573F6-C66C-420B-A507-7FB0E64ED0D0}.Debug|x86.Build.0 = Debug|Any CPU
		{550573F6-C66C-420B-A507-7FB0E64ED0D0}.Release|Any CPU.ActiveCfg = Release|Any CPU
		{550573F6-C66C-420B-A507-7FB0E64ED0D0}.Release|Any CPU.Build.0 = Release|Any CPU
		{550573F6-C66C-420B-A507-7FB0E64ED0D0}.Release|Itanium.ActiveCfg = Release|Any CPU
		{550573F6-C66C-420B-A507-7FB0E64ED0D0}.Release|Itanium.Build.0 = Release|Any CPU
		{550573F6-C66C-420B-A507-7FB0E64ED0D0}.Release|Mixed Platforms.ActiveCfg = Release|Any CPU
		{550573F6-C66C-420B-A507-7FB0E64ED0D0}.Release|Mixed Platforms.Build.0 = Release|Any CPU
		{550573F6-C66C-420B-A507-7FB0E64ED0D0}.Release|x64.ActiveCfg = Release|Any CPU
		{550573F6-C66C-420B-A507-7FB0E64ED0D0}.Release|x64.Build.0 = Release|Any CPU
		{550573F6-C66C-420B-A507-7FB0E64ED0D0}.Release|x86.ActiveCfg = Release|Any CPU
		{550573F6-C66C-420B-A507-7FB0E64ED0D0}.Release|x86.Build.0 = Release|Any CPU
		{F185789E-5853-4359-BB7B-46B37B4A9DD6}.Debug|Any CPU.ActiveCfg = Debug|Any CPU
		{F185789E-5853-4359-BB7B-46B37B4A9DD6}.Debug|Any CPU.Build.0 = Debug|Any CPU
		{F185789E-5853-4359-BB7B-46B37B4A9DD6}.Debug|Itanium.ActiveCfg = Debug|Any CPU
		{F185789E-5853-4359-BB7B-46B37B4A9DD6}.Debug|Itanium.Build.0 = Debug|Any CPU
		{F185789E-5853-4359-BB7B-46B37B4A9DD6}.Debug|Mixed Platforms.ActiveCfg = Debug|Any CPU
		{F185789E-5853-4359-BB7B-46B37B4A9DD6}.Debug|Mixed Platforms.Build.0 = Debug|Any CPU
		{F185789E-5853-4359-BB7B-46B37B4A9DD6}.Debug|x64.ActiveCfg = Debug|Any CPU
		{F185789E-5853-4359-BB7B-46B37B4A9DD6}.Debug|x64.Build.0 = Debug|Any CPU
		{F185789E-5853-4359-BB7B-46B37B4A9DD6}.Debug|x86.ActiveCfg = Debug|Any CPU
		{F185789E-5853-4359-BB7B-46B37B4A9DD6}.Debug|x86.Build.0 = Debug|Any CPU
		{F185789E-5853-4359-BB7B-46B37B4A9DD6}.Release|Any CPU.ActiveCfg = Release|Any CPU
		{F185789E-5853-4359-BB7B-46B37B4A9DD6}.Release|Any CPU.Build.0 = Release|Any CPU
		{F185789E-5853-4359-BB7B-46B37B4A9DD6}.Release|Itanium.ActiveCfg = Release|Any CPU
		{F185789E-5853-4359-BB7B-46B37B4A9DD6}.Release|Itanium.Build.0 = Release|Any CPU
		{F185789E-5853-4359-BB7B-46B37B4A9DD6}.Release|Mixed Platforms.ActiveCfg = Release|Any CPU
		{F185789E-5853-4359-BB7B-46B37B4A9DD6}.Release|Mixed Platforms.Build.0 = Release|Any CPU
		{F185789E-5853-4359-BB7B-46B37B4A9DD6}.Release|x64.ActiveCfg = Release|Any CPU
		{F185789E-5853-4359-BB7B-46B37B4A9DD6}.Release|x64.Build.0 = Release|Any CPU
		{F185789E-5853-4359-BB7B-46B37B4A9DD6}.Release|x86.ActiveCfg = Release|Any CPU
		{F185789E-5853-4359-BB7B-46B37B4A9DD6}.Release|x86.Build.0 = Release|Any CPU
		{484B4012-39C7-4B16-8C5A-5E32ECE432FF}.Debug|Any CPU.ActiveCfg = Debug|Any CPU
		{484B4012-39C7-4B16-8C5A-5E32ECE432FF}.Debug|Any CPU.Build.0 = Debug|Any CPU
		{484B4012-39C7-4B16-8C5A-5E32ECE432FF}.Debug|Itanium.ActiveCfg = Debug|Any CPU
		{484B4012-39C7-4B16-8C5A-5E32ECE432FF}.Debug|Itanium.Build.0 = Debug|Any CPU
		{484B4012-39C7-4B16-8C5A-5E32ECE432FF}.Debug|Mixed Platforms.ActiveCfg = Debug|Any CPU
		{484B4012-39C7-4B16-8C5A-5E32ECE432FF}.Debug|Mixed Platforms.Build.0 = Debug|Any CPU
		{484B4012-39C7-4B16-8C5A-5E32ECE432FF}.Debug|x64.ActiveCfg = Debug|Any CPU
		{484B4012-39C7-4B16-8C5A-5E32ECE432FF}.Debug|x64.Build.0 = Debug|Any CPU
		{484B4012-39C7-4B16-8C5A-5E32ECE432FF}.Debug|x86.ActiveCfg = Debug|Any CPU
		{484B4012-39C7-4B16-8C5A-5E32ECE432FF}.Debug|x86.Build.0 = Debug|Any CPU
		{484B4012-39C7-4B16-8C5A-5E32ECE432FF}.Release|Any CPU.ActiveCfg = Release|Any CPU
		{484B4012-39C7-4B16-8C5A-5E32ECE432FF}.Release|Any CPU.Build.0 = Release|Any CPU
		{484B4012-39C7-4B16-8C5A-5E32ECE432FF}.Release|Itanium.ActiveCfg = Release|Any CPU
		{484B4012-39C7-4B16-8C5A-5E32ECE432FF}.Release|Itanium.Build.0 = Release|Any CPU
		{484B4012-39C7-4B16-8C5A-5E32ECE432FF}.Release|Mixed Platforms.ActiveCfg = Release|Any CPU
		{484B4012-39C7-4B16-8C5A-5E32ECE432FF}.Release|Mixed Platforms.Build.0 = Release|Any CPU
		{484B4012-39C7-4B16-8C5A-5E32ECE432FF}.Release|x64.ActiveCfg = Release|Any CPU
		{484B4012-39C7-4B16-8C5A-5E32ECE432FF}.Release|x64.Build.0 = Release|Any CPU
		{484B4012-39C7-4B16-8C5A-5E32ECE432FF}.Release|x86.ActiveCfg = Release|Any CPU
		{484B4012-39C7-4B16-8C5A-5E32ECE432FF}.Release|x86.Build.0 = Release|Any CPU
		{AE272E6E-4BB6-4A87-8FC4-F14B346AEA0C}.Debug|Any CPU.ActiveCfg = Debug|Any CPU
		{AE272E6E-4BB6-4A87-8FC4-F14B346AEA0C}.Debug|Any CPU.Build.0 = Debug|Any CPU
		{AE272E6E-4BB6-4A87-8FC4-F14B346AEA0C}.Debug|Itanium.ActiveCfg = Debug|Any CPU
		{AE272E6E-4BB6-4A87-8FC4-F14B346AEA0C}.Debug|Itanium.Build.0 = Debug|Any CPU
		{AE272E6E-4BB6-4A87-8FC4-F14B346AEA0C}.Debug|Mixed Platforms.ActiveCfg = Debug|Any CPU
		{AE272E6E-4BB6-4A87-8FC4-F14B346AEA0C}.Debug|Mixed Platforms.Build.0 = Debug|Any CPU
		{AE272E6E-4BB6-4A87-8FC4-F14B346AEA0C}.Debug|x64.ActiveCfg = Debug|Any CPU
		{AE272E6E-4BB6-4A87-8FC4-F14B346AEA0C}.Debug|x64.Build.0 = Debug|Any CPU
		{AE272E6E-4BB6-4A87-8FC4-F14B346AEA0C}.Debug|x86.ActiveCfg = Debug|Any CPU
		{AE272E6E-4BB6-4A87-8FC4-F14B346AEA0C}.Debug|x86.Build.0 = Debug|Any CPU
		{AE272E6E-4BB6-4A87-8FC4-F14B346AEA0C}.Release|Any CPU.ActiveCfg = Release|Any CPU
		{AE272E6E-4BB6-4A87-8FC4-F14B346AEA0C}.Release|Any CPU.Build.0 = Release|Any CPU
		{AE272E6E-4BB6-4A87-8FC4-F14B346AEA0C}.Release|Itanium.ActiveCfg = Release|Any CPU
		{AE272E6E-4BB6-4A87-8FC4-F14B346AEA0C}.Release|Itanium.Build.0 = Release|Any CPU
		{AE272E6E-4BB6-4A87-8FC4-F14B346AEA0C}.Release|Mixed Platforms.ActiveCfg = Release|Any CPU
		{AE272E6E-4BB6-4A87-8FC4-F14B346AEA0C}.Release|Mixed Platforms.Build.0 = Release|Any CPU
		{AE272E6E-4BB6-4A87-8FC4-F14B346AEA0C}.Release|x64.ActiveCfg = Release|Any CPU
		{AE272E6E-4BB6-4A87-8FC4-F14B346AEA0C}.Release|x64.Build.0 = Release|Any CPU
		{AE272E6E-4BB6-4A87-8FC4-F14B346AEA0C}.Release|x86.ActiveCfg = Release|Any CPU
		{AE272E6E-4BB6-4A87-8FC4-F14B346AEA0C}.Release|x86.Build.0 = Release|Any CPU
		{DF2F5C2D-2AF0-4838-A5D1-6722C2C72693}.Debug|Any CPU.ActiveCfg = Debug|Any CPU
		{DF2F5C2D-2AF0-4838-A5D1-6722C2C72693}.Debug|Any CPU.Build.0 = Debug|Any CPU
		{DF2F5C2D-2AF0-4838-A5D1-6722C2C72693}.Debug|Itanium.ActiveCfg = Debug|Any CPU
		{DF2F5C2D-2AF0-4838-A5D1-6722C2C72693}.Debug|Itanium.Build.0 = Debug|Any CPU
		{DF2F5C2D-2AF0-4838-A5D1-6722C2C72693}.Debug|Mixed Platforms.ActiveCfg = Debug|Any CPU
		{DF2F5C2D-2AF0-4838-A5D1-6722C2C72693}.Debug|Mixed Platforms.Build.0 = Debug|Any CPU
		{DF2F5C2D-2AF0-4838-A5D1-6722C2C72693}.Debug|x64.ActiveCfg = Debug|Any CPU
		{DF2F5C2D-2AF0-4838-A5D1-6722C2C72693}.Debug|x64.Build.0 = Debug|Any CPU
		{DF2F5C2D-2AF0-4838-A5D1-6722C2C72693}.Debug|x86.ActiveCfg = Debug|Any CPU
		{DF2F5C2D-2AF0-4838-A5D1-6722C2C72693}.Debug|x86.Build.0 = Debug|Any CPU
		{DF2F5C2D-2AF0-4838-A5D1-6722C2C72693}.Release|Any CPU.ActiveCfg = Release|Any CPU
		{DF2F5C2D-2AF0-4838-A5D1-6722C2C72693}.Release|Any CPU.Build.0 = Release|Any CPU
		{DF2F5C2D-2AF0-4838-A5D1-6722C2C72693}.Release|Itanium.ActiveCfg = Release|Any CPU
		{DF2F5C2D-2AF0-4838-A5D1-6722C2C72693}.Release|Itanium.Build.0 = Release|Any CPU
		{DF2F5C2D-2AF0-4838-A5D1-6722C2C72693}.Release|Mixed Platforms.ActiveCfg = Release|Any CPU
		{DF2F5C2D-2AF0-4838-A5D1-6722C2C72693}.Release|Mixed Platforms.Build.0 = Release|Any CPU
		{DF2F5C2D-2AF0-4838-A5D1-6722C2C72693}.Release|x64.ActiveCfg = Release|Any CPU
		{DF2F5C2D-2AF0-4838-A5D1-6722C2C72693}.Release|x64.Build.0 = Release|Any CPU
		{DF2F5C2D-2AF0-4838-A5D1-6722C2C72693}.Release|x86.ActiveCfg = Release|Any CPU
		{DF2F5C2D-2AF0-4838-A5D1-6722C2C72693}.Release|x86.Build.0 = Release|Any CPU
		{4393C5DF-1D5A-4FC8-B771-B17B9D17BB54}.Debug|Any CPU.ActiveCfg = Debug|Any CPU
		{4393C5DF-1D5A-4FC8-B771-B17B9D17BB54}.Debug|Any CPU.Build.0 = Debug|Any CPU
		{4393C5DF-1D5A-4FC8-B771-B17B9D17BB54}.Debug|Itanium.ActiveCfg = Debug|Any CPU
		{4393C5DF-1D5A-4FC8-B771-B17B9D17BB54}.Debug|Itanium.Build.0 = Debug|Any CPU
		{4393C5DF-1D5A-4FC8-B771-B17B9D17BB54}.Debug|Mixed Platforms.ActiveCfg = Debug|Any CPU
		{4393C5DF-1D5A-4FC8-B771-B17B9D17BB54}.Debug|Mixed Platforms.Build.0 = Debug|Any CPU
		{4393C5DF-1D5A-4FC8-B771-B17B9D17BB54}.Debug|x64.ActiveCfg = Debug|Any CPU
		{4393C5DF-1D5A-4FC8-B771-B17B9D17BB54}.Debug|x64.Build.0 = Debug|Any CPU
		{4393C5DF-1D5A-4FC8-B771-B17B9D17BB54}.Debug|x86.ActiveCfg = Debug|Any CPU
		{4393C5DF-1D5A-4FC8-B771-B17B9D17BB54}.Debug|x86.Build.0 = Debug|Any CPU
		{4393C5DF-1D5A-4FC8-B771-B17B9D17BB54}.Release|Any CPU.ActiveCfg = Release|Any CPU
		{4393C5DF-1D5A-4FC8-B771-B17B9D17BB54}.Release|Any CPU.Build.0 = Release|Any CPU
		{4393C5DF-1D5A-4FC8-B771-B17B9D17BB54}.Release|Itanium.ActiveCfg = Release|Any CPU
		{4393C5DF-1D5A-4FC8-B771-B17B9D17BB54}.Release|Itanium.Build.0 = Release|Any CPU
		{4393C5DF-1D5A-4FC8-B771-B17B9D17BB54}.Release|Mixed Platforms.ActiveCfg = Release|Any CPU
		{4393C5DF-1D5A-4FC8-B771-B17B9D17BB54}.Release|Mixed Platforms.Build.0 = Release|Any CPU
		{4393C5DF-1D5A-4FC8-B771-B17B9D17BB54}.Release|x64.ActiveCfg = Release|Any CPU
		{4393C5DF-1D5A-4FC8-B771-B17B9D17BB54}.Release|x64.Build.0 = Release|Any CPU
		{4393C5DF-1D5A-4FC8-B771-B17B9D17BB54}.Release|x86.ActiveCfg = Release|Any CPU
		{4393C5DF-1D5A-4FC8-B771-B17B9D17BB54}.Release|x86.Build.0 = Release|Any CPU
		{09E2CEE1-E950-4835-88C2-C867AF28A498}.Debug|Any CPU.ActiveCfg = Debug|Any CPU
		{09E2CEE1-E950-4835-88C2-C867AF28A498}.Debug|Any CPU.Build.0 = Debug|Any CPU
		{09E2CEE1-E950-4835-88C2-C867AF28A498}.Debug|Itanium.ActiveCfg = Debug|Any CPU
		{09E2CEE1-E950-4835-88C2-C867AF28A498}.Debug|Itanium.Build.0 = Debug|Any CPU
		{09E2CEE1-E950-4835-88C2-C867AF28A498}.Debug|Mixed Platforms.ActiveCfg = Debug|Any CPU
		{09E2CEE1-E950-4835-88C2-C867AF28A498}.Debug|Mixed Platforms.Build.0 = Debug|Any CPU
		{09E2CEE1-E950-4835-88C2-C867AF28A498}.Debug|x64.ActiveCfg = Debug|Any CPU
		{09E2CEE1-E950-4835-88C2-C867AF28A498}.Debug|x64.Build.0 = Debug|Any CPU
		{09E2CEE1-E950-4835-88C2-C867AF28A498}.Debug|x86.ActiveCfg = Debug|Any CPU
		{09E2CEE1-E950-4835-88C2-C867AF28A498}.Debug|x86.Build.0 = Debug|Any CPU
		{09E2CEE1-E950-4835-88C2-C867AF28A498}.Release|Any CPU.ActiveCfg = Release|Any CPU
		{09E2CEE1-E950-4835-88C2-C867AF28A498}.Release|Any CPU.Build.0 = Release|Any CPU
		{09E2CEE1-E950-4835-88C2-C867AF28A498}.Release|Itanium.ActiveCfg = Release|Any CPU
		{09E2CEE1-E950-4835-88C2-C867AF28A498}.Release|Itanium.Build.0 = Release|Any CPU
		{09E2CEE1-E950-4835-88C2-C867AF28A498}.Release|Mixed Platforms.ActiveCfg = Release|Any CPU
		{09E2CEE1-E950-4835-88C2-C867AF28A498}.Release|Mixed Platforms.Build.0 = Release|Any CPU
		{09E2CEE1-E950-4835-88C2-C867AF28A498}.Release|x64.ActiveCfg = Release|Any CPU
		{09E2CEE1-E950-4835-88C2-C867AF28A498}.Release|x64.Build.0 = Release|Any CPU
		{09E2CEE1-E950-4835-88C2-C867AF28A498}.Release|x86.ActiveCfg = Release|Any CPU
		{09E2CEE1-E950-4835-88C2-C867AF28A498}.Release|x86.Build.0 = Release|Any CPU
		{BF07057C-87D1-462E-B9AA-63A0F1C5B5A7}.Debug|Any CPU.ActiveCfg = Debug|Any CPU
		{BF07057C-87D1-462E-B9AA-63A0F1C5B5A7}.Debug|Any CPU.Build.0 = Debug|Any CPU
		{BF07057C-87D1-462E-B9AA-63A0F1C5B5A7}.Debug|Itanium.ActiveCfg = Debug|Any CPU
		{BF07057C-87D1-462E-B9AA-63A0F1C5B5A7}.Debug|Itanium.Build.0 = Debug|Any CPU
		{BF07057C-87D1-462E-B9AA-63A0F1C5B5A7}.Debug|Mixed Platforms.ActiveCfg = Debug|Any CPU
		{BF07057C-87D1-462E-B9AA-63A0F1C5B5A7}.Debug|Mixed Platforms.Build.0 = Debug|Any CPU
		{BF07057C-87D1-462E-B9AA-63A0F1C5B5A7}.Debug|x64.ActiveCfg = Debug|Any CPU
		{BF07057C-87D1-462E-B9AA-63A0F1C5B5A7}.Debug|x64.Build.0 = Debug|Any CPU
		{BF07057C-87D1-462E-B9AA-63A0F1C5B5A7}.Debug|x86.ActiveCfg = Debug|Any CPU
		{BF07057C-87D1-462E-B9AA-63A0F1C5B5A7}.Debug|x86.Build.0 = Debug|Any CPU
		{BF07057C-87D1-462E-B9AA-63A0F1C5B5A7}.Release|Any CPU.ActiveCfg = Release|Any CPU
		{BF07057C-87D1-462E-B9AA-63A0F1C5B5A7}.Release|Any CPU.Build.0 = Release|Any CPU
		{BF07057C-87D1-462E-B9AA-63A0F1C5B5A7}.Release|Itanium.ActiveCfg = Release|Any CPU
		{BF07057C-87D1-462E-B9AA-63A0F1C5B5A7}.Release|Itanium.Build.0 = Release|Any CPU
		{BF07057C-87D1-462E-B9AA-63A0F1C5B5A7}.Release|Mixed Platforms.ActiveCfg = Release|Any CPU
		{BF07057C-87D1-462E-B9AA-63A0F1C5B5A7}.Release|Mixed Platforms.Build.0 = Release|Any CPU
		{BF07057C-87D1-462E-B9AA-63A0F1C5B5A7}.Release|x64.ActiveCfg = Release|Any CPU
		{BF07057C-87D1-462E-B9AA-63A0F1C5B5A7}.Release|x64.Build.0 = Release|Any CPU
		{BF07057C-87D1-462E-B9AA-63A0F1C5B5A7}.Release|x86.ActiveCfg = Release|Any CPU
		{BF07057C-87D1-462E-B9AA-63A0F1C5B5A7}.Release|x86.Build.0 = Release|Any CPU
		{3F3E5DA9-BAF8-47CC-A092-27381A663A01}.Debug|Any CPU.ActiveCfg = Debug|Any CPU
		{3F3E5DA9-BAF8-47CC-A092-27381A663A01}.Debug|Any CPU.Build.0 = Debug|Any CPU
		{3F3E5DA9-BAF8-47CC-A092-27381A663A01}.Debug|Itanium.ActiveCfg = Debug|Any CPU
		{3F3E5DA9-BAF8-47CC-A092-27381A663A01}.Debug|Itanium.Build.0 = Debug|Any CPU
		{3F3E5DA9-BAF8-47CC-A092-27381A663A01}.Debug|Mixed Platforms.ActiveCfg = Debug|Any CPU
		{3F3E5DA9-BAF8-47CC-A092-27381A663A01}.Debug|Mixed Platforms.Build.0 = Debug|Any CPU
		{3F3E5DA9-BAF8-47CC-A092-27381A663A01}.Debug|x64.ActiveCfg = Debug|Any CPU
		{3F3E5DA9-BAF8-47CC-A092-27381A663A01}.Debug|x64.Build.0 = Debug|Any CPU
		{3F3E5DA9-BAF8-47CC-A092-27381A663A01}.Debug|x86.ActiveCfg = Debug|Any CPU
		{3F3E5DA9-BAF8-47CC-A092-27381A663A01}.Debug|x86.Build.0 = Debug|Any CPU
		{3F3E5DA9-BAF8-47CC-A092-27381A663A01}.Release|Any CPU.ActiveCfg = Release|Any CPU
		{3F3E5DA9-BAF8-47CC-A092-27381A663A01}.Release|Any CPU.Build.0 = Release|Any CPU
		{3F3E5DA9-BAF8-47CC-A092-27381A663A01}.Release|Itanium.ActiveCfg = Release|Any CPU
		{3F3E5DA9-BAF8-47CC-A092-27381A663A01}.Release|Itanium.Build.0 = Release|Any CPU
		{3F3E5DA9-BAF8-47CC-A092-27381A663A01}.Release|Mixed Platforms.ActiveCfg = Release|Any CPU
		{3F3E5DA9-BAF8-47CC-A092-27381A663A01}.Release|Mixed Platforms.Build.0 = Release|Any CPU
		{3F3E5DA9-BAF8-47CC-A092-27381A663A01}.Release|x64.ActiveCfg = Release|Any CPU
		{3F3E5DA9-BAF8-47CC-A092-27381A663A01}.Release|x64.Build.0 = Release|Any CPU
		{3F3E5DA9-BAF8-47CC-A092-27381A663A01}.Release|x86.ActiveCfg = Release|Any CPU
		{3F3E5DA9-BAF8-47CC-A092-27381A663A01}.Release|x86.Build.0 = Release|Any CPU
		{8B1D2F7B-D5E7-409B-9536-351C70DE9B53}.Debug|Any CPU.ActiveCfg = Debug|Any CPU
		{8B1D2F7B-D5E7-409B-9536-351C70DE9B53}.Debug|Any CPU.Build.0 = Debug|Any CPU
		{8B1D2F7B-D5E7-409B-9536-351C70DE9B53}.Debug|Itanium.ActiveCfg = Debug|Any CPU
		{8B1D2F7B-D5E7-409B-9536-351C70DE9B53}.Debug|Itanium.Build.0 = Debug|Any CPU
		{8B1D2F7B-D5E7-409B-9536-351C70DE9B53}.Debug|Mixed Platforms.ActiveCfg = Debug|Any CPU
		{8B1D2F7B-D5E7-409B-9536-351C70DE9B53}.Debug|Mixed Platforms.Build.0 = Debug|Any CPU
		{8B1D2F7B-D5E7-409B-9536-351C70DE9B53}.Debug|x64.ActiveCfg = Debug|Any CPU
		{8B1D2F7B-D5E7-409B-9536-351C70DE9B53}.Debug|x64.Build.0 = Debug|Any CPU
		{8B1D2F7B-D5E7-409B-9536-351C70DE9B53}.Debug|x86.ActiveCfg = Debug|Any CPU
		{8B1D2F7B-D5E7-409B-9536-351C70DE9B53}.Debug|x86.Build.0 = Debug|Any CPU
		{8B1D2F7B-D5E7-409B-9536-351C70DE9B53}.Release|Any CPU.ActiveCfg = Release|Any CPU
		{8B1D2F7B-D5E7-409B-9536-351C70DE9B53}.Release|Any CPU.Build.0 = Release|Any CPU
		{8B1D2F7B-D5E7-409B-9536-351C70DE9B53}.Release|Itanium.ActiveCfg = Release|Any CPU
		{8B1D2F7B-D5E7-409B-9536-351C70DE9B53}.Release|Itanium.Build.0 = Release|Any CPU
		{8B1D2F7B-D5E7-409B-9536-351C70DE9B53}.Release|Mixed Platforms.ActiveCfg = Release|Any CPU
		{8B1D2F7B-D5E7-409B-9536-351C70DE9B53}.Release|Mixed Platforms.Build.0 = Release|Any CPU
		{8B1D2F7B-D5E7-409B-9536-351C70DE9B53}.Release|x64.ActiveCfg = Release|Any CPU
		{8B1D2F7B-D5E7-409B-9536-351C70DE9B53}.Release|x64.Build.0 = Release|Any CPU
		{8B1D2F7B-D5E7-409B-9536-351C70DE9B53}.Release|x86.ActiveCfg = Release|Any CPU
		{8B1D2F7B-D5E7-409B-9536-351C70DE9B53}.Release|x86.Build.0 = Release|Any CPU
	EndGlobalSection
	GlobalSection(SolutionProperties) = preSolution
		HideSolutionNode = FALSE
	EndGlobalSection
	GlobalSection(NestedProjects) = preSolution
		{FABDB8FF-CA6C-43CF-B0C9-392B33F4ED29} = {EAC8D962-477D-4D25-B21B-202C5D2E1B07}
		{C6D0E5A9-CC89-4305-A686-7F67E4FC0CBC} = {70AB9929-BAC2-4039-B4F9-A66F18B9024F}
		{EFB9C78F-7749-49CA-9798-2CD5A595B3D9} = {70AB9929-BAC2-4039-B4F9-A66F18B9024F}
		{234D6B8F-8B57-4DC3-B6D8-70AB928056CB} = {EAC8D962-477D-4D25-B21B-202C5D2E1B07}
		{3EB736C4-62EA-4887-B040-948B13EF29B9} = {1BFC870F-B492-4034-9B87-AD64764ED808}
		{49949057-34A5-4A89-9345-29D995C5AABF} = {A6B500F4-F849-4FFF-94D5-AD0C60BF2205}
		{B45378D7-BA93-45FC-9373-92EFC5509E33} = {E5CACE02-C4C7-4159-91CD-94C5997F15BD}
		{577BCDDB-5809-4B9C-8149-BBBE65480B51} = {E3A94B3B-C93B-46EA-823F-0C33858F538F}
		{76800516-2BF6-4E75-8F4E-CCE7E7BDCD73} = {E5CACE02-C4C7-4159-91CD-94C5997F15BD}
		{D6A65085-B0A7-4CFF-B5B7-717B07BE0FB8} = {E5CACE02-C4C7-4159-91CD-94C5997F15BD}
		{797E1E17-3790-4BA3-B2C6-9B099CACECF1} = {937A81C2-60E6-42EB-BF2B-6E70671396C3}
		{B49030F3-071D-4BA8-A921-3F3D26395994} = {E5CACE02-C4C7-4159-91CD-94C5997F15BD}
		{E4A57A4D-5B38-418C-9582-B37E88512561} = {E5CACE02-C4C7-4159-91CD-94C5997F15BD}
		{550573F6-C66C-420B-A507-7FB0E64ED0D0} = {E5CACE02-C4C7-4159-91CD-94C5997F15BD}
		{F185789E-5853-4359-BB7B-46B37B4A9DD6} = {2959A7D0-E782-4BC8-8533-4E27D91BD70B}
		{484B4012-39C7-4B16-8C5A-5E32ECE432FF} = {EAC8D962-477D-4D25-B21B-202C5D2E1B07}
		{AE272E6E-4BB6-4A87-8FC4-F14B346AEA0C} = {E5CACE02-C4C7-4159-91CD-94C5997F15BD}
		{DF2F5C2D-2AF0-4838-A5D1-6722C2C72693} = {2959A7D0-E782-4BC8-8533-4E27D91BD70B}
		{4393C5DF-1D5A-4FC8-B771-B17B9D17BB54} = {A6B500F4-F849-4FFF-94D5-AD0C60BF2205}
		{09E2CEE1-E950-4835-88C2-C867AF28A498} = {A6B500F4-F849-4FFF-94D5-AD0C60BF2205}
		{621569AA-FFEA-4B6D-8DB8-D377599B30FE} = {A6B500F4-F849-4FFF-94D5-AD0C60BF2205}
		{BF07057C-87D1-462E-B9AA-63A0F1C5B5A7} = {621569AA-FFEA-4B6D-8DB8-D377599B30FE}
		{3F3E5DA9-BAF8-47CC-A092-27381A663A01} = {621569AA-FFEA-4B6D-8DB8-D377599B30FE}
		{8B1D2F7B-D5E7-409B-9536-351C70DE9B53} = {621569AA-FFEA-4B6D-8DB8-D377599B30FE}
	EndGlobalSection
	GlobalSection(ExtensibilityGlobals) = postSolution
		SolutionGuid = {047603CC-E211-4647-9466-74A84A57A438}
	EndGlobalSection
	GlobalSection(TeamFoundationVersionControl) = preSolution
		SccNumberOfProjects = 29
		SccEnterpriseProvider = {4CA58AB2-18FA-4F8D-95D4-32DDF27D184C}
		SccTeamFoundationServer = http://20.36.36.172:8080/tfs/defaultcollection
		SccLocalPath0 = .
		SccProjectUniqueName1 = BeanSoft\\AppClient.csproj
		SccProjectTopLevelParentUniqueName1 = Core.sln
		SccProjectName1 = BeanSoft
		SccLocalPath1 = BeanSoft
		SccProjectUniqueName2 = BeanSoft.Service\\Core.Service.csproj
		SccProjectTopLevelParentUniqueName2 = Core.sln
		SccProjectName2 = BeanSoft.Service
		SccLocalPath2 = BeanSoft.Service
		SccProjectUniqueName3 = BeanSoft.Entities\\Core.Entities.csproj
		SccProjectName3 = BeanSoft.Entities
		SccLocalPath3 = BeanSoft.Entities
		SccProjectUniqueName4 = BeanSoft.Controllers\\Core.Controllers.csproj
		SccProjectTopLevelParentUniqueName4 = Core.sln
		SccProjectName4 = BeanSoft.Controllers
		SccLocalPath4 = BeanSoft.Controllers
		SccProjectUniqueName5 = BeanSoft.Common\\Core.Common.csproj
		SccProjectName5 = BeanSoft.Common
		SccLocalPath5 = BeanSoft.Common
		SccProjectUniqueName6 = BeanSoft.Controllers.Remote\\Core.Controllers.Remote.csproj
		SccProjectTopLevelParentUniqueName6 = Core.sln
		SccProjectName6 = BeanSoft.Controllers.Remote
		SccLocalPath6 = BeanSoft.Controllers.Remote
		SccProjectUniqueName7 = GZipEncoder\\GZipEncoder.csproj
		SccProjectTopLevelParentUniqueName7 = Core.sln
		SccProjectName7 = GZipEncoder
		SccLocalPath7 = GZipEncoder
		SccProjectUniqueName8 = WebAppCore\\WebAppCore.csproj
		SccProjectTopLevelParentUniqueName8 = Core.sln
		SccProjectName8 = WebAppCore
		SccLocalPath8 = WebAppCore
		SccProjectUniqueName9 = WebApiCore\\WebApiCore.csproj
		SccProjectTopLevelParentUniqueName9 = Core.sln
		SccProjectName9 = WebApiCore
		SccLocalPath9 = WebApiCore
		SccProjectUniqueName10 = WebModelCore\\WebModelCore.csproj
		SccProjectName10 = WebModelCore
		SccLocalPath10 = WebModelCore
		SccProjectUniqueName11 = WebCore.Common\\WebCore.Common.csproj
		SccProjectName11 = WebCore.Common
		SccLocalPath11 = WebCore.Common
		SccProjectUniqueName12 = WebCore.Entities\\WebCore.Entities.csproj
		SccProjectName12 = WebCore.Entities
		SccLocalPath12 = WebCore.Entities
		SccProjectUniqueName13 = DataAccess\\Core.DataAccess.csproj
		SccProjectTopLevelParentUniqueName13 = Core.sln
		SccProjectName13 = DataAccess
		SccLocalPath13 = DataAccess
		SccProjectUniqueName14 = LoggerService\\LoggerService.csproj
		SccProjectTopLevelParentUniqueName14 = Core.sln
		SccProjectName14 = LoggerService
		SccLocalPath14 = LoggerService
		SccProjectUniqueName15 = CatalogsService\\CatalogsService.csproj
		SccProjectTopLevelParentUniqueName15 = Core.sln
		SccProjectName15 = CatalogsService
		SccLocalPath15 = CatalogsService
		SccProjectUniqueName16 = ApiGateway\\ApiGateway.csproj
		SccProjectTopLevelParentUniqueName16 = Core.sln
		SccProjectName16 = ApiGateway
		SccLocalPath16 = ApiGateway
		SccProjectUniqueName17 = DashboardService\\DashboardService.csproj
		SccProjectTopLevelParentUniqueName17 = Core.sln
		SccProjectName17 = DashboardService
		SccLocalPath17 = DashboardService
		SccProjectUniqueName18 = NotificationService\\NotificationService.csproj
		SccProjectTopLevelParentUniqueName18 = Core.sln
		SccProjectName18 = NotificationService
		SccLocalPath18 = NotificationService
		SccProjectUniqueName19 = ReportService\\ReportService.csproj
		SccProjectTopLevelParentUniqueName19 = Core.sln
		SccProjectName19 = ReportService
		SccLocalPath19 = ReportService
		SccProjectUniqueName20 = MessageQueue\\MessageQueue.csproj
		SccProjectTopLevelParentUniqueName20 = Core.sln
		SccProjectName20 = MessageQueue
		SccLocalPath20 = MessageQueue
		SccProjectUniqueName21 = Core.Test\\Core.Test.csproj
		SccProjectTopLevelParentUniqueName21 = Core.sln
		SccProjectName21 = Core.Test
		SccLocalPath21 = Core.Test
		SccProjectUniqueName22 = IdentityServer\\IdentityServer.csproj
		SccProjectTopLevelParentUniqueName22 = Core.sln
		SccProjectName22 = IdentityServer
		SccLocalPath22 = IdentityServer
		SccProjectUniqueName23 = Sagas\\Sagas.csproj
		SccProjectTopLevelParentUniqueName23 = Core.sln
		SccProjectName23 = Sagas
		SccLocalPath23 = Sagas
		SccProjectUniqueName24 = WebAppCoreBlazorServer\\WebAppCoreBlazorServer.csproj
		SccProjectTopLevelParentUniqueName24 = Core.sln
		SccProjectName24 = WebAppCoreBlazorServer
		SccLocalPath24 = WebAppCoreBlazorServer
		SccProjectUniqueName25 = Blazored.Modal\\Blazored.Modal.csproj
		SccProjectTopLevelParentUniqueName25 = Core.sln
		SccProjectName25 = Blazored.Modal
		SccLocalPath25 = Blazored.Modal
		SccProjectUniqueName26 = BlazorControl\\GridBlazor\\GridBlazor.csproj
		SccProjectTopLevelParentUniqueName26 = Core.sln
		SccProjectName26 = BlazorControl/GridBlazor
		SccLocalPath26 = BlazorControl\\GridBlazor
		SccProjectUniqueName27 = BlazorControl\\GridShared\\GridShared.csproj
		SccProjectTopLevelParentUniqueName27 = Core.sln
		SccProjectName27 = BlazorControl/GridShared
		SccLocalPath27 = BlazorControl\\GridShared
		SccProjectUniqueName28 = BlazorControl\\Blazored.TextEditor\\Blazored.TextEditor.csproj
		SccProjectTopLevelParentUniqueName28 = Core.sln
		SccProjectName28 = BlazorControl/Blazored.TextEditor
		SccLocalPath28 = BlazorControl\\Blazored.TextEditor
	EndGlobalSection
EndGlobal
